<?xml version="1.0" encoding="utf-8"?>
<Project ToolsVersion="4.0" xmlns="http://schemas.microsoft.com/developer/msbuild/2003">
  <ItemGroup>
    <Filter Include="소스 파일">
      <UniqueIdentifier>{4FC737F1-C7A5-4376-A066-2A32D752A2FF}</UniqueIdentifier>
      <Extensions>cpp;c;cc;cxx;def;odl;idl;hpj;bat;asm;asmx</Extensions>
    </Filter>
    <Filter Include="헤더 파일">
      <UniqueIdentifier>{93995380-89BD-4b04-88EB-625FBE52EBFB}</UniqueIdentifier>
      <Extensions>h;hh;hpp;hxx;hm;inl;inc;ipp;xsd</Extensions>
    </Filter>
    <Filter Include="리소스 파일">
      <UniqueIdentifier>{67DA6AB6-F800-4c08-8B7A-83BB121AAD01}</UniqueIdentifier>
      <Extensions>rc;ico;cur;bmp;dlg;rc2;rct;bin;rgs;gif;jpg;jpeg;jpe;resx;tiff;tif;png;wav;mfcribbon-ms</Extensions>
    </Filter>
  </ItemGroup>
  <ItemGroup>
    <ClCompile Include="7576_멋쟁이토마토.cpp">
      <Filter>소스 파일</Filter>
    </ClCompile>
    <ClCompile Include="2667_단지번호붙이기.cpp">
      <Filter>소스 파일</Filter>
    </ClCompile>
    <ClCompile Include="2178 미로 탐색.cpp">
      <Filter>소스 파일</Filter>
    </ClCompile>
    <ClCompile Include="1012_유기농배추.cpp">
      <Filter>소스 파일</Filter>
    </ClCompile>
    <ClCompile Include="하노이탑.cpp">
      <Filter>소스 파일</Filter>
    </ClCompile>
    <ClCompile Include="1074.cpp">
      <Filter>소스 파일</Filter>
    </ClCompile>
    <ClCompile Include="2447 별찍기-10cpp.cpp">
      <Filter>소스 파일</Filter>
    </ClCompile>
    <ClCompile Include="2448 별찍기11.cpp">
      <Filter>소스 파일</Filter>
    </ClCompile>
    <ClCompile Include="1992 쿼드트리.cpp">
      <Filter>소스 파일</Filter>
    </ClCompile>
    <ClCompile Include="1629 곱셈.cpp">
      <Filter>소스 파일</Filter>
    </ClCompile>
    <ClCompile Include="14891_톱니바퀴_준호.cpp">
      <Filter>소스 파일</Filter>
    </ClCompile>
    <ClCompile Include="14891_톱니바퀴_기섭.cpp">
      <Filter>소스 파일</Filter>
    </ClCompile>
    <ClCompile Include="1707 이분그래프.cpp">
      <Filter>소스 파일</Filter>
    </ClCompile>
    <ClCompile Include="허원팔이소녀.c">
      <Filter>소스 파일</Filter>
    </ClCompile>
    <ClCompile Include="15652 N과 M%284%29.cpp">
      <Filter>소스 파일</Filter>
    </ClCompile>
    <ClCompile Include="1707_이분그래프 틀림 ㅠ.cpp">
      <Filter>소스 파일</Filter>
    </ClCompile>
    <ClCompile Include="1707_이분그래프 정답.cpp">
      <Filter>소스 파일</Filter>
    </ClCompile>
    <ClCompile Include="11729_하노이탑.cpp">
      <Filter>소스 파일</Filter>
    </ClCompile>
    <ClCompile Include="9663 nqueen.cpp">
      <Filter>소스 파일</Filter>
    </ClCompile>
    <ClCompile Include="nm.cpp">
      <Filter>소스 파일</Filter>
    </ClCompile>
    <ClCompile Include="10799 쇠막대기.cpp">
      <Filter>소스 파일</Filter>
    </ClCompile>
    <ClCompile Include="15650 N과 M%282%29.cpp">
      <Filter>소스 파일</Filter>
    </ClCompile>
    <ClCompile Include="15651 N과 M(3).cpp">
      <Filter>소스 파일</Filter>
    </ClCompile>
    <ClCompile Include="15654 N과 M (5).cpp">
      <Filter>소스 파일</Filter>
    </ClCompile>
    <ClCompile Include="15655 N과 M (6).cpp">
      <Filter>소스 파일</Filter>
    </ClCompile>
    <ClCompile Include="15656  N과 M(7).cpp">
      <Filter>소스 파일</Filter>
    </ClCompile>
    <ClCompile Include="15657  N과 M%288%29.cpp">
      <Filter>소스 파일</Filter>
    </ClCompile>
    <ClCompile Include="15663  N과 M(9).cpp">
      <Filter>소스 파일</Filter>
    </ClCompile>
    <ClCompile Include="13459 구슬탈출 .cpp">
      <Filter>소스 파일</Filter>
    </ClCompile>
    <ClCompile Include="이게가능.cpp">
      <Filter>소스 파일</Filter>
    </ClCompile>
    <ClCompile Include="16236 아기상어.cpp">
      <Filter>소스 파일</Filter>
    </ClCompile>
    <ClCompile Include="1001 A-B.cpp">
      <Filter>소스 파일</Filter>
    </ClCompile>
    <ClCompile Include="11718 그대로출력하기.cpp">
      <Filter>소스 파일</Filter>
    </ClCompile>
    <ClCompile Include="그대로 출력하기 2.cpp">
      <Filter>소스 파일</Filter>
    </ClCompile>
    <ClCompile Include="10869 사칙연산.cpp">
      <Filter>소스 파일</Filter>
    </ClCompile>
    <ClCompile Include="1260 dfs와 bfs.cpp">
      <Filter>소스 파일</Filter>
    </ClCompile>
    <ClCompile Include="17144 미세먼지안녕!.cpp">
      <Filter>소스 파일</Filter>
    </ClCompile>
    <ClCompile Include="17143 낚시왕.cpp">
      <Filter>소스 파일</Filter>
    </ClCompile>
    <ClCompile Include="9012 괄호.cpp">
      <Filter>소스 파일</Filter>
    </ClCompile>
    <ClCompile Include="2504 괄호의 값.cpp">
      <Filter>소스 파일</Filter>
    </ClCompile>
  </ItemGroup>
</Project>